// !$*UTF8*$!
{
	archiveVersion = 1;
	classes = {
	};
	objectVersion = 46;
	objects = {

/* Begin PBXBuildFile section */
		4870E7491A1C00AA00034F39 /* ListManager.m in Sources */ = {isa = PBXBuildFile; fileRef = 4870E7481A1C00AA00034F39 /* ListManager.m */; };
		4870E74C1A1C299500034F39 /* OCManager.m in Sources */ = {isa = PBXBuildFile; fileRef = 4870E74B1A1C299500034F39 /* OCManager.m */; };
		48B15B621A16A9C5006CAE4D /* LList.m in Sources */ = {isa = PBXBuildFile; fileRef = 48B15B611A16A9C5006CAE4D /* LList.m */; };
		48B15B631A16BB3D006CAE4D /* ViewController.m in Sources */ = {isa = PBXBuildFile; fileRef = 48E0CEA61A157D6800F13F0B /* ViewController.m */; };
		48B15B651A16BDBB006CAE4D /* LLNode.m in Sources */ = {isa = PBXBuildFile; fileRef = 48B15B641A16BDBB006CAE4D /* LLNode.m */; };
		48B15B681A16DC11006CAE4D /* SetManager.m in Sources */ = {isa = PBXBuildFile; fileRef = 48B15B671A16DC11006CAE4D /* SetManager.m */; };
		48E0CEA11A157D6800F13F0B /* main.m in Sources */ = {isa = PBXBuildFile; fileRef = 48E0CEA01A157D6800F13F0B /* main.m */; };
		48E0CEA41A157D6800F13F0B /* AppDelegate.m in Sources */ = {isa = PBXBuildFile; fileRef = 48E0CEA31A157D6800F13F0B /* AppDelegate.m */; };
		48E0CEA71A157D6800F13F0B /* ViewController.m in Sources */ = {isa = PBXBuildFile; fileRef = 48E0CEA61A157D6800F13F0B /* ViewController.m */; };
		48E0CEAA1A157D6800F13F0B /* Main.storyboard in Resources */ = {isa = PBXBuildFile; fileRef = 48E0CEA81A157D6800F13F0B /* Main.storyboard */; };
		48E0CEAC1A157D6800F13F0B /* Images.xcassets in Resources */ = {isa = PBXBuildFile; fileRef = 48E0CEAB1A157D6800F13F0B /* Images.xcassets */; };
		48E0CEAF1A157D6800F13F0B /* LaunchScreen.xib in Resources */ = {isa = PBXBuildFile; fileRef = 48E0CEAD1A157D6800F13F0B /* LaunchScreen.xib */; };
		48E0CEBB1A157D6900F13F0B /* iOS_appTests.m in Sources */ = {isa = PBXBuildFile; fileRef = 48E0CEBA1A157D6900F13F0B /* iOS_appTests.m */; };
/* End PBXBuildFile section */

/* Begin PBXContainerItemProxy section */
		48E0CEB51A157D6800F13F0B /* PBXContainerItemProxy */ = {
			isa = PBXContainerItemProxy;
			containerPortal = 48E0CE931A157D6800F13F0B /* Project object */;
			proxyType = 1;
			remoteGlobalIDString = 48E0CE9A1A157D6800F13F0B;
			remoteInfo = "iOS app";
		};
/* End PBXContainerItemProxy section */

/* Begin PBXFileReference section */
		486984C21A158B8C008A5745 /* LLNode.h */ = {isa = PBXFileReference; lastKnownFileType = sourcecode.c.h; path = LLNode.h; sourceTree = "<group>"; };
		486984C31A158BCC008A5745 /* LList.h */ = {isa = PBXFileReference; lastKnownFileType = sourcecode.c.h; path = LList.h; sourceTree = "<group>"; };
		4870E7471A1BFF6700034F39 /* ListManager.h */ = {isa = PBXFileReference; lastKnownFileType = sourcecode.c.h; path = ListManager.h; sourceTree = "<group>"; };
		4870E7481A1C00AA00034F39 /* ListManager.m */ = {isa = PBXFileReference; fileEncoding = 4; lastKnownFileType = sourcecode.c.objc; path = ListManager.m; sourceTree = "<group>"; };
		4870E74A1A1C285F00034F39 /* OCManager.h */ = {isa = PBXFileReference; lastKnownFileType = sourcecode.c.h; path = OCManager.h; sourceTree = "<group>"; };
		4870E74B1A1C299500034F39 /* OCManager.m */ = {isa = PBXFileReference; fileEncoding = 4; lastKnownFileType = sourcecode.c.objc; path = OCManager.m; sourceTree = "<group>"; };
		48B15B611A16A9C5006CAE4D /* LList.m */ = {isa = PBXFileReference; fileEncoding = 4; lastKnownFileType = sourcecode.c.objc; path = LList.m; sourceTree = "<group>"; };
		48B15B641A16BDBB006CAE4D /* LLNode.m */ = {isa = PBXFileReference; fileEncoding = 4; lastKnownFileType = sourcecode.c.objc; path = LLNode.m; sourceTree = "<group>"; };
		48B15B661A16D171006CAE4D /* SetManager.h */ = {isa = PBXFileReference; lastKnownFileType = sourcecode.c.h; path = SetManager.h; sourceTree = "<group>"; };
		48B15B671A16DC11006CAE4D /* SetManager.m */ = {isa = PBXFileReference; fileEncoding = 4; lastKnownFileType = sourcecode.c.objc; path = SetManager.m; sourceTree = "<group>"; };
		48E0CE9B1A157D6800F13F0B /* iOS app.app */ = {isa = PBXFileReference; explicitFileType = wrapper.application; includeInIndex = 0; path = "iOS app.app"; sourceTree = BUILT_PRODUCTS_DIR; };
		48E0CE9F1A157D6800F13F0B /* Info.plist */ = {isa = PBXFileReference; lastKnownFileType = text.plist.xml; path = Info.plist; sourceTree = "<group>"; };
		48E0CEA01A157D6800F13F0B /* main.m */ = {isa = PBXFileReference; lastKnownFileType = sourcecode.c.objc; path = main.m; sourceTree = "<group>"; };
		48E0CEA21A157D6800F13F0B /* AppDelegate.h */ = {isa = PBXFileReference; lastKnownFileType = sourcecode.c.h; path = AppDelegate.h; sourceTree = "<group>"; };
		48E0CEA31A157D6800F13F0B /* AppDelegate.m */ = {isa = PBXFileReference; lastKnownFileType = sourcecode.c.objc; path = AppDelegate.m; sourceTree = "<group>"; };
		48E0CEA51A157D6800F13F0B /* ViewController.h */ = {isa = PBXFileReference; lastKnownFileType = sourcecode.c.h; path = ViewController.h; sourceTree = "<group>"; };
		48E0CEA61A157D6800F13F0B /* ViewController.m */ = {isa = PBXFileReference; lastKnownFileType = sourcecode.c.objc; path = ViewController.m; sourceTree = "<group>"; };
		48E0CEA91A157D6800F13F0B /* Base */ = {isa = PBXFileReference; lastKnownFileType = file.storyboard; name = Base; path = Base.lproj/Main.storyboard; sourceTree = "<group>"; };
		48E0CEAB1A157D6800F13F0B /* Images.xcassets */ = {isa = PBXFileReference; lastKnownFileType = folder.assetcatalog; path = Images.xcassets; sourceTree = "<group>"; };
		48E0CEAE1A157D6800F13F0B /* Base */ = {isa = PBXFileReference; lastKnownFileType = file.xib; name = Base; path = Base.lproj/LaunchScreen.xib; sourceTree = "<group>"; };
		48E0CEB41A157D6800F13F0B /* iOS appTests.xctest */ = {isa = PBXFileReference; explicitFileType = wrapper.cfbundle; includeInIndex = 0; path = "iOS appTests.xctest"; sourceTree = BUILT_PRODUCTS_DIR; };
		48E0CEB91A157D6900F13F0B /* Info.plist */ = {isa = PBXFileReference; lastKnownFileType = text.plist.xml; path = Info.plist; sourceTree = "<group>"; };
		48E0CEBA1A157D6900F13F0B /* iOS_appTests.m */ = {isa = PBXFileReference; lastKnownFileType = sourcecode.c.objc; path = iOS_appTests.m; sourceTree = "<group>"; };
/* End PBXFileReference section */

/* Begin PBXFrameworksBuildPhase section */
		48E0CE981A157D6800F13F0B /* Frameworks */ = {
			isa = PBXFrameworksBuildPhase;
			buildActionMask = 2147483647;
			files = (
			);
			runOnlyForDeploymentPostprocessing = 0;
		};
		48E0CEB11A157D6800F13F0B /* Frameworks */ = {
			isa = PBXFrameworksBuildPhase;
			buildActionMask = 2147483647;
			files = (
			);
			runOnlyForDeploymentPostprocessing = 0;
		};
/* End PBXFrameworksBuildPhase section */

/* Begin PBXGroup section */
		48E0CE921A157D6800F13F0B = {
			isa = PBXGroup;
			children = (
				48E0CE9D1A157D6800F13F0B /* iOS app */,
				48E0CEB71A157D6800F13F0B /* iOS appTests */,
				48E0CE9C1A157D6800F13F0B /* Products */,
			);
			sourceTree = "<group>";
		};
		48E0CE9C1A157D6800F13F0B /* Products */ = {
			isa = PBXGroup;
			children = (
				48E0CE9B1A157D6800F13F0B /* iOS app.app */,
				48E0CEB41A157D6800F13F0B /* iOS appTests.xctest */,
			);
			name = Products;
			sourceTree = "<group>";
		};
		48E0CE9D1A157D6800F13F0B /* iOS app */ = {
			isa = PBXGroup;
			children = (
				48E0CEA21A157D6800F13F0B /* AppDelegate.h */,
				48E0CEA31A157D6800F13F0B /* AppDelegate.m */,
				48E0CEA51A157D6800F13F0B /* ViewController.h */,
				48E0CEA61A157D6800F13F0B /* ViewController.m */,
				48E0CEA81A157D6800F13F0B /* Main.storyboard */,
				48E0CEAB1A157D6800F13F0B /* Images.xcassets */,
				48E0CEAD1A157D6800F13F0B /* LaunchScreen.xib */,
				48E0CE9E1A157D6800F13F0B /* Supporting Files */,
				486984C21A158B8C008A5745 /* LLNode.h */,
				486984C31A158BCC008A5745 /* LList.h */,
				48B15B611A16A9C5006CAE4D /* LList.m */,
				48B15B641A16BDBB006CAE4D /* LLNode.m */,
				48B15B661A16D171006CAE4D /* SetManager.h */,
				48B15B671A16DC11006CAE4D /* SetManager.m */,
				4870E7471A1BFF6700034F39 /* ListManager.h */,
				4870E7481A1C00AA00034F39 /* ListManager.m */,
				4870E74A1A1C285F00034F39 /* OCManager.h */,
				4870E74B1A1C299500034F39 /* OCManager.m */,
			);
			path = "iOS app";
			sourceTree = "<group>";
		};
		48E0CE9E1A157D6800F13F0B /* Supporting Files */ = {
			isa = PBXGroup;
			children = (
				48E0CE9F1A157D6800F13F0B /* Info.plist */,
				48E0CEA01A157D6800F13F0B /* main.m */,
			);
			name = "Supporting Files";
			sourceTree = "<group>";
		};
		48E0CEB71A157D6800F13F0B /* iOS appTests */ = {
			isa = PBXGroup;
			children = (
				48E0CEBA1A157D6900F13F0B /* iOS_appTests.m */,
				48E0CEB81A157D6900F13F0B /* Supporting Files */,
			);
			path = "iOS appTests";
			sourceTree = "<group>";
		};
		48E0CEB81A157D6900F13F0B /* Supporting Files */ = {
			isa = PBXGroup;
			children = (
				48E0CEB91A157D6900F13F0B /* Info.plist */,
			);
			name = "Supporting Files";
			sourceTree = "<group>";
		};
/* End PBXGroup section */

/* Begin PBXNativeTarget section */
		48E0CE9A1A157D6800F13F0B /* iOS app */ = {
			isa = PBXNativeTarget;
			buildConfigurationList = 48E0CEBE1A157D6900F13F0B /* Build configuration list for PBXNativeTarget "iOS app" */;
			buildPhases = (
				48E0CE971A157D6800F13F0B /* Sources */,
				48E0CE981A157D6800F13F0B /* Frameworks */,
				48E0CE991A157D6800F13F0B /* Resources */,
			);
			buildRules = (
			);
			dependencies = (
			);
			name = "iOS app";
			productName = "iOS app";
			productReference = 48E0CE9B1A157D6800F13F0B /* iOS app.app */;
			productType = "com.apple.product-type.application";
		};
		48E0CEB31A157D6800F13F0B /* iOS appTests */ = {
			isa = PBXNativeTarget;
			buildConfigurationList = 48E0CEC11A157D6900F13F0B /* Build configuration list for PBXNativeTarget "iOS appTests" */;
			buildPhases = (
				48E0CEB01A157D6800F13F0B /* Sources */,
				48E0CEB11A157D6800F13F0B /* Frameworks */,
				48E0CEB21A157D6800F13F0B /* Resources */,
			);
			buildRules = (
			);
			dependencies = (
				48E0CEB61A157D6800F13F0B /* PBXTargetDependency */,
			);
			name = "iOS appTests";
			productName = "iOS appTests";
			productReference = 48E0CEB41A157D6800F13F0B /* iOS appTests.xctest */;
			productType = "com.apple.product-type.bundle.unit-test";
		};
/* End PBXNativeTarget section */

/* Begin PBXProject section */
		48E0CE931A157D6800F13F0B /* Project object */ = {
			isa = PBXProject;
			attributes = {
				LastUpgradeCheck = 0610;
				ORGANIZATIONNAME = "Nikhil Vellala";
				TargetAttributes = {
					48E0CE9A1A157D6800F13F0B = {
						CreatedOnToolsVersion = 6.1;
					};
					48E0CEB31A157D6800F13F0B = {
						CreatedOnToolsVersion = 6.1;
						TestTargetID = 48E0CE9A1A157D6800F13F0B;
					};
				};
			};
			buildConfigurationList = 48E0CE961A157D6800F13F0B /* Build configuration list for PBXProject "iOS app" */;
			compatibilityVersion = "Xcode 3.2";
			developmentRegion = English;
			hasScannedForEncodings = 0;
			knownRegions = (
				en,
				Base,
			);
			mainGroup = 48E0CE921A157D6800F13F0B;
			productRefGroup = 48E0CE9C1A157D6800F13F0B /* Products */;
			projectDirPath = "";
			projectRoot = "";
			targets = (
				48E0CE9A1A157D6800F13F0B /* iOS app */,
				48E0CEB31A157D6800F13F0B /* iOS appTests */,
			);
		};
/* End PBXProject section */

/* Begin PBXResourcesBuildPhase section */
		48E0CE991A157D6800F13F0B /* Resources */ = {
			isa = PBXResourcesBuildPhase;
			buildActionMask = 2147483647;
			files = (
				48E0CEAA1A157D6800F13F0B /* Main.storyboard in Resources */,
				48E0CEAF1A157D6800F13F0B /* LaunchScreen.xib in Resources */,
				48E0CEAC1A157D6800F13F0B /* Images.xcassets in Resources */,
			);
			runOnlyForDeploymentPostprocessing = 0;
		};
		48E0CEB21A157D6800F13F0B /* Resources */ = {
			isa = PBXResourcesBuildPhase;
			buildActionMask = 2147483647;
			files = (
			);
			runOnlyForDeploymentPostprocessing = 0;
		};
/* End PBXResourcesBuildPhase section */

/* Begin PBXSourcesBuildPhase section */
		48E0CE971A157D6800F13F0B /* Sources */ = {
			isa = PBXSourcesBuildPhase;
			buildActionMask = 2147483647;
			files = (
				48B15B681A16DC11006CAE4D /* SetManager.m in Sources */,
				48E0CEA71A157D6800F13F0B /* ViewController.m in Sources */,
				4870E7491A1C00AA00034F39 /* ListManager.m in Sources */,
				4870E74C1A1C299500034F39 /* OCManager.m in Sources */,
				48E0CEA41A157D6800F13F0B /* AppDelegate.m in Sources */,
				48B15B621A16A9C5006CAE4D /* LList.m in Sources */,
				48E0CEA11A157D6800F13F0B /* main.m in Sources */,
				48B15B651A16BDBB006CAE4D /* LLNode.m in Sources */,
			);
			runOnlyForDeploymentPostprocessing = 0;
		};
		48E0CEB01A157D6800F13F0B /* Sources */ = {
			isa = PBXSourcesBuildPhase;
			buildActionMask = 2147483647;
			files = (
				48B15B631A16BB3D006CAE4D /* ViewController.m in Sources */,
				48E0CEBB1A157D6900F13F0B /* iOS_appTests.m in Sources */,
			);
			runOnlyForDeploymentPostprocessing = 0;
		};
/* End PBXSourcesBuildPhase section */

/* Begin PBXTargetDependency section */
		48E0CEB61A157D6800F13F0B /* PBXTargetDependency */ = {
			isa = PBXTargetDependency;
			target = 48E0CE9A1A157D6800F13F0B /* iOS app */;
			targetProxy = 48E0CEB51A157D6800F13F0B /* PBXContainerItemProxy */;
		};
/* End PBXTargetDependency section */

/* Begin PBXVariantGroup section */
		48E0CEA81A157D6800F13F0B /* Main.storyboard */ = {
			isa = PBXVariantGroup;
			children = (
				48E0CEA91A157D6800F13F0B /* Base */,
			);
			name = Main.storyboard;
			sourceTree = "<group>";
		};
		48E0CEAD1A157D6800F13F0B /* LaunchScreen.xib */ = {
			isa = PBXVariantGroup;
			children = (
				48E0CEAE1A157D6800F13F0B /* Base */,
			);
			name = LaunchScreen.xib;
			sourceTree = "<group>";
		};
/* End PBXVariantGroup section */

/* Begin XCBuildConfiguration section */
		48E0CEBC1A157D6900F13F0B /* Debug */ = {
			isa = XCBuildConfiguration;
			buildSettings = {
				ALWAYS_SEARCH_USER_PATHS = NO;
				CLANG_CXX_LANGUAGE_STANDARD = "gnu++0x";
				CLANG_CXX_LIBRARY = "libc++";
				CLANG_ENABLE_MODULES = YES;
				CLANG_ENABLE_OBJC_ARC = YES;
				CLANG_WARN_BOOL_CONVERSION = YES;
				CLANG_WARN_CONSTANT_CONVERSION = YES;
				CLANG_WARN_DIRECT_OBJC_ISA_USAGE = YES_ERROR;
				CLANG_WARN_EMPTY_BODY = YES;
				CLANG_WARN_ENUM_CONVERSION = YES;
				CLANG_WARN_INT_CONVERSION = YES;
				CLANG_WARN_OBJC_ROOT_CLASS = YES_ERROR;
				CLANG_WARN_UNREACHABLE_CODE = YES;
				CLANG_WARN__DUPLICATE_METHOD_MATCH = YES;
				"CODE_SIGN_IDENTITY[sdk=iphoneos*]" = "iPhone Developer";
				COPY_PHASE_STRIP = NO;
				ENABLE_STRICT_OBJC_MSGSEND = YES;
				GCC_C_LANGUAGE_STANDARD = gnu99;
				GCC_DYNAMIC_NO_PIC = NO;
				GCC_OPTIMIZATION_LEVEL = 0;
				GCC_PREPROCESSOR_DEFINITIONS = (
					"DEBUG=1",
					"$(inherited)",
				);
				GCC_SYMBOLS_PRIVATE_EXTERN = NO;
				GCC_WARN_64_TO_32_BIT_CONVERSION = YES;
				GCC_WARN_ABOUT_RETURN_TYPE = YES_ERROR;
				GCC_WARN_UNDECLARED_SELECTOR = YES;
				GCC_WARN_UNINITIALIZED_AUTOS = YES_AGGRESSIVE;
				GCC_WARN_UNUSED_FUNCTION = YES;
				GCC_WARN_UNUSED_VARIABLE = YES;
				IPHONEOS_DEPLOYMENT_TARGET = 8.1;
				MTL_ENABLE_DEBUG_INFO = YES;
				ONLY_ACTIVE_ARCH = YES;
				SDKROOT = iphoneos;
				TARGETED_DEVICE_FAMILY = "1,2";
			};
			name = Debug;
		};
		48E0CEBD1A157D6900F13F0B /* Release */ = {
			isa = XCBuildConfiguration;
			buildSettings = {
				ALWAYS_SEARCH_USER_PATHS = NO;
				CLANG_CXX_LANGUAGE_STANDARD = "gnu++0x";
				CLANG_CXX_LIBRARY = "libc++";
				CLANG_ENABLE_MODULES = YES;
				CLANG_ENABLE_OBJC_ARC = YES;
				CLANG_WARN_BOOL_CONVERSION = YES;
				CLANG_WARN_CONSTANT_CONVERSION = YES;
				CLANG_WARN_DIRECT_OBJC_ISA_USAGE = YES_ERROR;
				CLANG_WARN_EMPTY_BODY = YES;
				CLANG_WARN_ENUM_CONVERSION = YES;
				CLANG_WARN_INT_CONVERSION = YES;
				CLANG_WARN_OBJC_ROOT_CLASS = YES_ERROR;
				CLANG_WARN_UNREACHABLE_CODE = YES;
				CLANG_WARN__DUPLICATE_METHOD_MATCH = YES;
				"CODE_SIGN_IDENTITY[sdk=iphoneos*]" = "iPhone Developer";
				COPY_PHASE_STRIP = YES;
				ENABLE_NS_ASSERTIONS = NO;
				ENABLE_STRICT_OBJC_MSGSEND = YES;
				GCC_C_LANGUAGE_STANDARD = gnu99;
				GCC_WARN_64_TO_32_BIT_CONVERSION = YES;
				GCC_WARN_ABOUT_RETURN_TYPE = YES_ERROR;
				GCC_WARN_UNDECLARED_SELECTOR = YES;
				GCC_WARN_UNINITIALIZED_AUTOS = YES_AGGRESSIVE;
				GCC_WARN_UNUSED_FUNCTION = YES;
				GCC_WARN_UNUSED_VARIABLE = YES;
				IPHONEOS_DEPLOYMENT_TARGET = 8.1;
				MTL_ENABLE_DEBUG_INFO = NO;
				SDKROOT = iphoneos;
				TARGETED_DEVICE_FAMILY = "1,2";
				VALIDATE_PRODUCT = YES;
			};
			name = Release;
		};
		48E0CEBF1A157D6900F13F0B /* Debug */ = {
			isa = XCBuildConfiguration;
			buildSettings = {
				ASSETCATALOG_COMPILER_APPICON_NAME = AppIcon;
				INFOPLIST_FILE = "iOS app/Info.plist";
				LD_RUNPATH_SEARCH_PATHS = "$(inherited) @executable_path/Frameworks";
				PRODUCT_NAME = "$(TARGET_NAME)";
			};
			name = Debug;
		};
		48E0CEC01A157D6900F13F0B /* Release */ = {
			isa = XCBuildConfiguration;
			buildSettings = {
				ASSETCATALOG_COMPILER_APPICON_NAME = AppIcon;
				INFOPLIST_FILE = "iOS app/Info.plist";
				LD_RUNPATH_SEARCH_PATHS = "$(inherited) @executable_path/Frameworks";
				PRODUCT_NAME = "$(TARGET_NAME)";
			};
			name = Release;
		};
		48E0CEC21A157D6900F13F0B /* Debug */ = {
			isa = XCBuildConfiguration;
			buildSettings = {
				BUNDLE_LOADER = "$(TEST_HOST)";
				FRAMEWORK_SEARCH_PATHS = (
					"$(SDKROOT)/Developer/Library/Frameworks",
					"$(inherited)",
				);
				GCC_PREPROCESSOR_DEFINITIONS = (
					"DEBUG=1",
					"$(inherited)",
				);
				INFOPLIST_FILE = "iOS appTests/Info.plist";
				LD_RUNPATH_SEARCH_PATHS = "$(inherited) @executable_path/Frameworks @loader_path/Frameworks";
				PRODUCT_NAME = "$(TARGET_NAME)";
				TEST_HOST = "$(BUILT_PRODUCTS_DIR)/iOS app.app/iOS app";
			};
			name = Debug;
		};
		48E0CEC31A157D6900F13F0B /* Release */ = {
			isa = XCBuildConfiguration;
			buildSettings = {
				BUNDLE_LOADER = "$(TEST_HOST)";
				FRAMEWORK_SEARCH_PATHS = (
					"$(SDKROOT)/Developer/Library/Frameworks",
					"$(inherited)",
				);
				INFOPLIST_FILE = "iOS appTests/Info.plist";
				LD_RUNPATH_SEARCH_PATHS = "$(inherited) @executable_path/Frameworks @loader_path/Frameworks";
				PRODUCT_NAME = "$(TARGET_NAME)";
				TEST_HOST = "$(BUILT_PRODUCTS_DIR)/iOS app.app/iOS app";
			};
			name = Release;
		};
/* End XCBuildConfiguration section */

/* Begin XCConfigurationList section */
		48E0CE961A157D6800F13F0B /* Build configuration list for PBXProject "iOS app" */ = {
			isa = XCConfigurationList;
			buildConfigurations = (
				48E0CEBC1A157D6900F13F0B /* Debug */,
				48E0CEBD1A157D6900F13F0B /* Release */,
			);
			defaultConfigurationIsVisible = 0;
			defaultConfigurationName = Release;
		};
		48E0CEBE1A157D6900F13F0B /* Build configuration list for PBXNativeTarget "iOS app" */ = {
			isa = XCConfigurationList;
			buildConfigurations = (
				48E0CEBF1A157D6900F13F0B /* Debug */,
				48E0CEC01A157D6900F13F0B /* Release */,
			);
			defaultConfigurationIsVisible = 0;
			defaultConfigurationName = Release;
		};
		48E0CEC11A157D6900F13F0B /* Build configuration list for PBXNativeTarget "iOS appTests" */ = {
			isa = XCConfigurationList;
			buildConfigurations = (
				48E0CEC21A157D6900F13F0B /* Debug */,
				48E0CEC31A157D6900F13F0B /* Release */,
			);
			defaultConfigurationIsVisible = 0;
			defaultConfigurationName = Release;
		};
/* End XCConfigurationList section */
	};
	rootObject = 48E0CE931A157D6800F13F0B /* Project object */;
}
